GEM
  remote: https://rubygems.org/
  specs:
    RedCloth (4.3.4)
    addressable (2.9.0)
      public_suffix (>= 2.0.2, < 8.0)
    asciidoctor (2.0.26)
    builder (3.3.0)
    cgi (0.5.1)
    charlock_holmes (0.7.9)
    commonmarker (2.8.2-aarch64-linux)
    commonmarker (2.8.2-aarch64-linux-musl)
    commonmarker (2.8.2-arm-linux)
    commonmarker (2.8.2-arm64-darwin)
    commonmarker (2.8.2-x86_64-darwin)
    commonmarker (2.8.2-x86_64-linux)
    commonmarker (2.8.2-x86_64-linux-musl)
    creole (0.5.0)
    date (3.5.1)
    dotenv (3.2.0)
    erb (6.0.4)
    expression_parser (0.9.0)
    faraday (2.14.2)
      faraday-net_http (>= 2.0, < 3.5)
      json
      logger
    faraday-net_http (3.4.3)
      net-http (~> 0.5)
    github-linguist (9.5.0)
      cgi
      charlock_holmes (~> 0.7.7)
      mini_mime (~> 1.0)
      rugged (~> 1.0)
    github-markup (6.0.0)
    htmlentities (4.4.2)
    idn-ruby (0.1.5)
    json (2.19.5)
    licensee (10.0.0)
      dotenv (>= 2, < 4)
      octokit (>= 4.20, < 11.0)
      reverse_markdown (>= 1, < 4)
      thor (>= 0.19, < 2.0)
    logger (1.7.0)
    mini_mime (1.1.5)
    net-http (0.9.1)
      uri (>= 0.11.1)
    nokogiri (1.19.3-aarch64-linux-gnu)
      racc (~> 1.4)
    nokogiri (1.19.3-aarch64-linux-musl)
      racc (~> 1.4)
    nokogiri (1.19.3-arm-linux-gnu)
      racc (~> 1.4)
    nokogiri (1.19.3-arm-linux-musl)
      racc (~> 1.4)
    nokogiri (1.19.3-arm64-darwin)
      racc (~> 1.4)
    nokogiri (1.19.3-x86_64-darwin)
      racc (~> 1.4)
    nokogiri (1.19.3-x86_64-linux-gnu)
      racc (~> 1.4)
    nokogiri (1.19.3-x86_64-linux-musl)
      racc (~> 1.4)
    octokit (10.0.0)
      faraday (>= 1, < 3)
      sawyer (~> 0.9)
    org-ruby (0.9.12)
      rubypants (~> 0.2)
    psych (5.3.1)
      date
      stringio
    public_suffix (7.0.5)
    racc (1.8.1)
    rdoc (7.2.0)
      erb
      psych (>= 4.0.0)
      tsort
    reverse_markdown (3.0.2)
      nokogiri
    rubypants (0.7.1)
    rugged (1.9.0)
    sawyer (0.9.3)
      addressable (>= 2.3.5)
      faraday (>= 0.17.3, < 3)
    stringio (3.2.0)
    thor (1.5.0)
    tsort (0.2.0)
    twitter-text (3.1.0)
      idn-ruby
      unf (~> 0.1.0)
    unf (0.1.4)
      unf_ext
    unf_ext (0.0.9.1)
    uri (1.1.1)
    wikicloth (0.8.3)
      builder
      expression_parser
      htmlentities
      nokogiri
      twitter-text

PLATFORMS
  aarch64-linux
  aarch64-linux-gnu
  aarch64-linux-musl
  arm-linux
  arm-linux-gnu
  arm-linux-musl
  arm64-darwin
  x86_64-darwin
  x86_64-linux-gnu
  x86_64-linux-musl

DEPENDENCIES
  RedCloth (~> 4.3)
  asciidoctor (~> 2.0)
  commonmarker (>= 0.23.10)
  creole (~> 0.5.0)
  github-linguist (>= 7.12.1)
  github-markup (~> 6.0)
  licensee (>= 9.9.0)
  org-ruby (~> 0.9.12)
  rdoc (>= 6.3.4.1)
  wikicloth (~> 0.8.3)

CHECKSUMS
  RedCloth (4.3.4) sha256=5231b2fdd91a933915cba330e5fd1a74025e77b56f57b7404c7191ebf2812297
  addressable (2.9.0) sha256=7fdf6ac3660f7f4e867a0838be3f6cf722ace541dd97767fa42bc6cfa980c7af
  asciidoctor (2.0.26) sha256=16e3accf1fc206bbd6335848649d7fd65f31d2daa60d85af13d47a8ee4b071c1
  builder (3.3.0) sha256=497918d2f9dca528fdca4b88d84e4ef4387256d984b8154e9d5d3fe5a9c8835f
  bundler (4.0.12) sha256=7f8b757d28dfb636e7b24fba2344ac6dd13b5b24f4b46d62573d483f211825ac
  cgi (0.5.1) sha256=e93fcafc69b8a934fe1e6146121fa35430efa8b4a4047c4893764067036f18e9
  charlock_holmes (0.7.9) sha256=b49e8a11ce1921e2c5b65511bb864ae51720ce9bd1c336ccf0e89e6c8ae62db0
  commonmarker (2.8.2-aarch64-linux) sha256=715a5df28e5c1ec7b520e6441466062e9717b82193d2a5bd11a9c94f2f1e15f0
  commonmarker (2.8.2-aarch64-linux-musl) sha256=c7d587bd7978416978e84d0de7488906b8f29b3f67ce8424942f0ca9aa6899db
  commonmarker (2.8.2-arm-linux) sha256=da9da5c08d5133ad429ece13f2e93d3a30e1b23621ffac9040e185d7ea29bde6
  commonmarker (2.8.2-arm64-darwin) sha256=cd7364f1fb9735d60218e4af0a4afbbeedbc465eb81cccca56f29a4efe2b5013
  commonmarker (2.8.2-x86_64-darwin) sha256=fb946e0bb01f0e5742aef75cc972b51ffe099e5b983ce9cd792b4a78c5d2c297
  commonmarker (2.8.2-x86_64-linux) sha256=42cfb6532b15dd5821ce99e47397923255f32dcfc81024ef4c17e01e66ac7d75
  commonmarker (2.8.2-x86_64-linux-musl) sha256=66568dce1c6f265e85d57ea7f749a148446527c7dd599c6ded4cdc819997c43e
  creole (0.5.0) sha256=951701e2d80760f156b1cb2a93471ca97c076289becc067a33b745133ed32c03
  date (3.5.1) sha256=750d06384d7b9c15d562c76291407d89e368dda4d4fff957eb94962d325a0dc0
  dotenv (3.2.0) sha256=e375b83121ea7ca4ce20f214740076129ab8514cd81378161f11c03853fe619d
  erb (6.0.4) sha256=38e3803694be357fe2bfe312487c74beaf9fb4e5beb3e22498952fe1645b95d9
  expression_parser (0.9.0) sha256=2b56db3cffc48c3337f4f29f5bc2374c86e7ba29acb40269c74bb55af9f868a4
  faraday (2.14.2) sha256=73ccb9994a9e8648f010e32eca2ae82e41c57860aa10932cda29418b9e0223ad
  faraday-net_http (3.4.3) sha256=9db13becec9312f345a769eeeecf9049c9287d54c0ae053d7235228993a4eec1
  github-linguist (9.5.0) sha256=cd3de94ca0735e562126a1fc961da207fb3282ffa99a203dfcf0fe664f4f1e68
  github-markup (6.0.0) sha256=93e0b987e4c59ea90bc57c67921a604f45d76d1afad5604e285c1c74b67e7bf0
  htmlentities (4.4.2) sha256=bbafbdf69f2eca9262be4efef7e43e6a1de54c95eb600f26984f71d2fe96c5c3
  idn-ruby (0.1.5) sha256=3076fa1aac170e92310d02822badf6b11e74e17915a045c8f9ad053bba24c037
  json (2.19.5) sha256=218a18553e4801d579ca7e0f5bc72bafd776d7397238a1fb4e74db5b0a812c59
  licensee (10.0.0) sha256=b0832ae91bd84bf7b4ec16dca72966b1116e10b6fc8a3c050517d20654b46d3b
  logger (1.7.0) sha256=196edec7cc44b66cfb40f9755ce11b392f21f7967696af15d274dde7edff0203
  mini_mime (1.1.5) sha256=8681b7e2e4215f2a159f9400b5816d85e9d8c6c6b491e96a12797e798f8bccef
  net-http (0.9.1) sha256=25ba0b67c63e89df626ed8fac771d0ad24ad151a858af2cc8e6a716ca4336996
  nokogiri (1.19.3-aarch64-linux-gnu) sha256=46b89e5d7b9e844c2ee360794240c6ea2a4e6fa0c5892a4ed487db621224b639
  nokogiri (1.19.3-aarch64-linux-musl) sha256=8392dfdcd21be7a94dbbe9ccc138dea01b97b24cb2dc02a114ca98bfb1d9a0b7
  nokogiri (1.19.3-arm-linux-gnu) sha256=3919d5ffc334ad778a4a9eb88fda7dcb8b1fb58c8a52ac640c6dcd2f038e774f
  nokogiri (1.19.3-arm-linux-musl) sha256=9ce1cb6346bb9c67b1550eb537aa183ead91e4b6eadb2f36ade02d8dd2a79fb6
  nokogiri (1.19.3-arm64-darwin) sha256=71b9bd424b1b7abc18b05052a1a3cfd3627abdca62be280854cc411791357e42
  nokogiri (1.19.3-x86_64-darwin) sha256=77f3fba57d46c53ab31e62fc6c28f705109d1bf6264356c76f132b2be5728d4d
  nokogiri (1.19.3-x86_64-linux-gnu) sha256=2f5078620fe12e83669b5b17311b32532a8153d02eee7ad06948b926d6080976
  nokogiri (1.19.3-x86_64-linux-musl) sha256=248c906d2166eca5efb56d52fdee5f9a1f51d69a72e2b64fdac647b4ce39ea3f
  octokit (10.0.0) sha256=82e99a539b7637b7e905e6d277bb0c1a4bed56735935cc33db6da7eae49a24e8
  org-ruby (0.9.12) sha256=93cbec3a4470cb9dca6a4a98dc276a6434ea9d9e7bc2d42ea33c3aedd5d1c974
  psych (5.3.1) sha256=eb7a57cef10c9d70173ff74e739d843ac3b2c019a003de48447b2963d81b1974
  public_suffix (7.0.5) sha256=1a8bb08f1bbea19228d3bed6e5ed908d1cb4f7c2726d18bd9cadf60bc676f623
  racc (1.8.1) sha256=4a7f6929691dbec8b5209a0b373bc2614882b55fc5d2e447a21aaa691303d62f
  rdoc (7.2.0) sha256=8650f76cd4009c3b54955eb5d7e3a075c60a57276766ebf36f9085e8c9f23192
  reverse_markdown (3.0.2) sha256=818ebb92ce39dbb1a291690dd1ec9a6d62530d4725296b17e9c8f668f9a5b8af
  rubypants (0.7.1) sha256=30eb674add457dd05232c6357f7ee674536606f79d9f55e0f84db442bce2624f
  rugged (1.9.0) sha256=7faaa912c5888d6e348d20fa31209b6409f1574346b1b80e309dbc7e8d63efac
  sawyer (0.9.3) sha256=0d0f19298408047037638639fe62f4794483fb04320269169bd41af2bdcf5e41
  stringio (3.2.0) sha256=c37cb2e58b4ffbd33fe5cd948c05934af997b36e0b6ca6fdf43afa234cf222e1
  thor (1.5.0) sha256=e3a9e55fe857e44859ce104a84675ab6e8cd59c650a49106a05f55f136425e73
  tsort (0.2.0) sha256=9650a793f6859a43b6641671278f79cfead60ac714148aabe4e3f0060480089f
  twitter-text (3.1.0) sha256=7fa4b3abf380ba26f3b4d310f41c6fecab0c0f137e7d51d6b201d02117b8d5b6
  unf (0.1.4) sha256=4999517a531f2a955750f8831941891f6158498ec9b6cb1c81ce89388e63022e
  unf_ext (0.0.9.1) sha256=926114a858934126c6bbfd3254347dadb5dae354711869368c0f75e3765fc6e9
  uri (1.1.1) sha256=379fa58d27ffb1387eaada68c749d1426738bd0f654d812fcc07e7568f5c57c6
  wikicloth (0.8.3) sha256=502e688579cfb6c408d353c26608d4495561c20a807697592eab8ef472c8e830

BUNDLED WITH
  4.0.12
